
Microsoft Visual Studio Solution File, Format Version 12.00
# Visual Studio 15
VisualStudioVersion = 15.0.26430.14
MinimumVisualStudioVersion = 10.0.40219.1
Project("{FAE04EC0-301F-11D3-BF4B-00C04F79EFBC}") = "Tavisca.Handson.BookingEngine", "Tavisca.Handson.BookingEngine\Tavisca.Handson.BookingEngine.csproj", "{5685B67A-98AF-4531-B8E7-A4C781CEEF2B}"
EndProject
Project("{FAE04EC0-301F-11D3-BF4B-00C04F79EFBC}") = "EnumDemo", "EnumDemo\EnumDemo.csproj", "{BF8C23B5-BBE6-4705-8329-665382D44FEB}"
EndProject
Project("{FAE04EC0-301F-11D3-BF4B-00C04F79EFBC}") = "UserData", "UserData\UserData.csproj", "{475A28EA-164B-4BC3-B04B-9398530B320B}"
EndProject
Project("{FAE04EC0-301F-11D3-BF4B-00C04F79EFBC}") = "TheatreManager", "TheatreManager\TheatreManager.csproj", "{9DE82E9A-BA2C-4A75-8026-66EA42DAEBCE}"
EndProject
Global
	GlobalSection(SolutionConfigurationPlatforms) = preSolution
		Debug|Any CPU = Debug|Any CPU
		Release|Any CPU = Release|Any CPU
	EndGlobalSection
	GlobalSection(ProjectConfigurationPlatforms) = postSolution
		{5685B67A-98AF-4531-B8E7-A4C781CEEF2B}.Debug|Any CPU.ActiveCfg = Debug|Any CPU
		{5685B67A-98AF-4531-B8E7-A4C781CEEF2B}.Debug|Any CPU.Build.0 = Debug|Any CPU
		{5685B67A-98AF-4531-B8E7-A4C781CEEF2B}.Release|Any CPU.ActiveCfg = Release|Any CPU
		{5685B67A-98AF-4531-B8E7-A4C781CEEF2B}.Release|Any CPU.Build.0 = Release|Any CPU
		{BF8C23B5-BBE6-4705-8329-665382D44FEB}.Debug|Any CPU.ActiveCfg = Debug|Any CPU
		{BF8C23B5-BBE6-4705-8329-665382D44FEB}.Debug|Any CPU.Build.0 = Debug|Any CPU
		{BF8C23B5-BBE6-4705-8329-665382D44FEB}.Release|Any CPU.ActiveCfg = Release|Any CPU
		{BF8C23B5-BBE6-4705-8329-665382D44FEB}.Release|Any CPU.Build.0 = Release|Any CPU
		{475A28EA-164B-4BC3-B04B-9398530B320B}.Debug|Any CPU.ActiveCfg = Debug|Any CPU
		{475A28EA-164B-4BC3-B04B-9398530B320B}.Debug|Any CPU.Build.0 = Debug|Any CPU
		{475A28EA-164B-4BC3-B04B-9398530B320B}.Release|Any CPU.ActiveCfg = Release|Any CPU
		{475A28EA-164B-4BC3-B04B-9398530B320B}.Release|Any CPU.Build.0 = Release|Any CPU
		{9DE82E9A-BA2C-4A75-8026-66EA42DAEBCE}.Debug|Any CPU.ActiveCfg = Debug|Any CPU
		{9DE82E9A-BA2C-4A75-8026-66EA42DAEBCE}.Debug|Any CPU.Build.0 = Debug|Any CPU
		{9DE82E9A-BA2C-4A75-8026-66EA42DAEBCE}.Release|Any CPU.ActiveCfg = Release|Any CPU
		{9DE82E9A-BA2C-4A75-8026-66EA42DAEBCE}.Release|Any CPU.Build.0 = Release|Any CPU
	EndGlobalSection
	GlobalSection(SolutionProperties) = preSolution
		HideSolutionNode = FALSE
	EndGlobalSection
EndGlobal
